
Microsoft Visual Studio Solution File, Format Version 12.00
# Visual Studio Version 17
VisualStudioVersion = 17.2.32616.157
MinimumVisualStudioVersion = 10.0.40219.1
Project("{FAE04EC0-301F-11D3-BF4B-00C04F79EFBC}") = "Naval Battles", "Naval Battles\Naval Battles.csproj", "{BBD0F7E2-71D4-4539-A63B-593E2CDE5A3B}"
EndProject
Global
	GlobalSection(SolutionConfigurationPlatforms) = preSolution
		Debug|Any CPU = Debug|Any CPU
		Release|Any CPU = Release|Any CPU
	EndGlobalSection
	GlobalSection(ProjectConfigurationPlatforms) = postSolution
		{BBD0F7E2-71D4-4539-A63B-593E2CDE5A3B}.Debug|Any CPU.ActiveCfg = Debug|x86
		{BBD0F7E2-71D4-4539-A63B-593E2CDE5A3B}.Debug|Any CPU.Build.0 = Debug|x86
		{BBD0F7E2-71D4-4539-A63B-593E2CDE5A3B}.Release|Any CPU.ActiveCfg = Release|Any CPU
		{BBD0F7E2-71D4-4539-A63B-593E2CDE5A3B}.Release|Any CPU.Build.0 = Release|Any CPU
	EndGlobalSection
	GlobalSection(SolutionProperties) = preSolution
		HideSolutionNode = FALSE
	EndGlobalSection
	GlobalSection(ExtensibilityGlobals) = postSolution
		SolutionGuid = {DA4C1F33-DD16-46FA-946E-46A51EE9583F}
	EndGlobalSection
EndGlobal
